
Microsoft Visual Studio Solution File, Format Version 12.00
# Visual Studio 15
Project("{FAE04EC0-301F-11D3-BF4B-00C04F79EFBC}") = "Unity.Hypercasual", "Unity.Hypercasual.csproj", "{077348C8-6637-C640-F9DA-F68F428F85F7}"
EndProject
Project("{FAE04EC0-301F-11D3-BF4B-00C04F79EFBC}") = "Unity.Hypercasual.Editor", "Unity.Hypercasual.Editor.csproj", "{CC56B252-1C9F-2040-E5C6-8AEE03193A5A}"
EndProject
Project("{FAE04EC0-301F-11D3-BF4B-00C04F79EFBC}") = "Unity.Hypercasual.Tutorials.Editor", "Unity.Hypercasual.Tutorials.Editor.csproj", "{82E46552-EAD1-7226-0B11-B144153D5415}"
EndProject
Project("{FAE04EC0-301F-11D3-BF4B-00C04F79EFBC}") = "Unity.Hypercasual.CustomEditors", "Unity.Hypercasual.CustomEditors.csproj", "{03E762A5-55BC-526A-356D-48D21B4002C1}"
EndProject
Global
	GlobalSection(SolutionConfigurationPlatforms) = preSolution
		Debug|Any CPU = Debug|Any CPU
		Release|Any CPU = Release|Any CPU
	EndGlobalSection
	GlobalSection(ProjectConfigurationPlatforms) = postSolution
		{077348C8-6637-C640-F9DA-F68F428F85F7}.Debug|Any CPU.ActiveCfg = Debug|Any CPU
		{077348C8-6637-C640-F9DA-F68F428F85F7}.Debug|Any CPU.Build.0 = Debug|Any CPU
		{077348C8-6637-C640-F9DA-F68F428F85F7}.Release|Any CPU.ActiveCfg = Release|Any CPU
		{077348C8-6637-C640-F9DA-F68F428F85F7}.Release|Any CPU.Build.0 = Release|Any CPU
		{CC56B252-1C9F-2040-E5C6-8AEE03193A5A}.Debug|Any CPU.ActiveCfg = Debug|Any CPU
		{CC56B252-1C9F-2040-E5C6-8AEE03193A5A}.Debug|Any CPU.Build.0 = Debug|Any CPU
		{CC56B252-1C9F-2040-E5C6-8AEE03193A5A}.Release|Any CPU.ActiveCfg = Release|Any CPU
		{CC56B252-1C9F-2040-E5C6-8AEE03193A5A}.Release|Any CPU.Build.0 = Release|Any CPU
		{82E46552-EAD1-7226-0B11-B144153D5415}.Debug|Any CPU.ActiveCfg = Debug|Any CPU
		{82E46552-EAD1-7226-0B11-B144153D5415}.Debug|Any CPU.Build.0 = Debug|Any CPU
		{82E46552-EAD1-7226-0B11-B144153D5415}.Release|Any CPU.ActiveCfg = Release|Any CPU
		{82E46552-EAD1-7226-0B11-B144153D5415}.Release|Any CPU.Build.0 = Release|Any CPU
		{03E762A5-55BC-526A-356D-48D21B4002C1}.Debug|Any CPU.ActiveCfg = Debug|Any CPU
		{03E762A5-55BC-526A-356D-48D21B4002C1}.Debug|Any CPU.Build.0 = Debug|Any CPU
		{03E762A5-55BC-526A-356D-48D21B4002C1}.Release|Any CPU.ActiveCfg = Release|Any CPU
		{03E762A5-55BC-526A-356D-48D21B4002C1}.Release|Any CPU.Build.0 = Release|Any CPU
	EndGlobalSection
	GlobalSection(SolutionProperties) = preSolution
		HideSolutionNode = FALSE
	EndGlobalSection
EndGlobal
